# THIS IS AN AUTOGENERATED FILE. DO NOT EDIT THIS FILE DIRECTLY.
# yarn lockfile v1


addr-to-ip-port@^1.0.1:
  version "1.5.1"
  resolved "https://registry.yarnpkg.com/addr-to-ip-port/-/addr-to-ip-port-1.5.1.tgz#bfada13fd6aeeeac19f1e9f7d84b4bbab45e5208"

balanced-match@^1.0.0:
  version "1.0.0"
  resolved "https://registry.yarnpkg.com/balanced-match/-/balanced-match-1.0.0.tgz#89b4d199ab2bee49de164ea02b89ce462d71b767"

bencode@^0.7.0:
  version "0.7.0"
  resolved "https://registry.yarnpkg.com/bencode/-/bencode-0.7.0.tgz#811ed647c0118945e41bb4bbbdea9a2c78a17083"

bencode@^0.8.0:
  version "0.8.0"
  resolved "https://registry.yarnpkg.com/bencode/-/bencode-0.8.0.tgz#3143448e82b0fadc745633ecc2a5f8fa87932f19"

bencode@^2.0.0:
  version "2.0.1"
  resolved "https://registry.yarnpkg.com/bencode/-/bencode-2.0.1.tgz#667a6a31c5e038d558608333da6b7c94e836c85b"
  dependencies:
    safe-buffer "^5.1.1"

bitfield@^0.1.0:
  version "0.1.0"
  resolved "https://registry.yarnpkg.com/bitfield/-/bitfield-0.1.0.tgz#b05d8b5f0d09f2df35a9db3b3a62d3808c46c457"

bittorrent-dht@^6.0.0:
  version "6.4.2"
  resolved "https://registry.yarnpkg.com/bittorrent-dht/-/bittorrent-dht-6.4.2.tgz#8b40f8cee6bea87f2b34fd2ae0bd367a8b1247a6"
  dependencies:
    bencode "^0.7.0"
    buffer-equals "^1.0.3"
    debug "^2.2.0"
    inherits "^2.0.1"
    k-bucket "^0.6.0"
    k-rpc "^3.6.0"
    lru "^2.0.0"

bittorrent-tracker@^7.0.0:
  version "7.7.0"
  resolved "https://registry.yarnpkg.com/bittorrent-tracker/-/bittorrent-tracker-7.7.0.tgz#ffd2eabc141d36ed5c1817df7e992f91fd7fc65c"
  dependencies:
    bencode "^0.8.0"
    bn.js "^4.4.0"
    compact2string "^1.2.0"
    debug "^2.0.0"
    hat "0.0.3"
    inherits "^2.0.1"
    ip "^1.0.1"
    minimist "^1.1.1"
    once "^1.3.0"
    random-iterate "^1.0.1"
    run-parallel "^1.1.2"
    run-series "^1.0.2"
    simple-get "^2.0.0"
    simple-peer "^6.0.0"
    simple-websocket "^4.0.0"
    string2compact "^1.1.1"
    uniq "^1.0.1"
    ws "^1.0.0"
    xtend "^4.0.0"

blob-to-buffer@^1.2.6:
  version "1.2.8"
  resolved "https://registry.yarnpkg.com/blob-to-buffer/-/blob-to-buffer-1.2.8.tgz#78eeeb332f1280ed0ca6fb2b60693a8c6d36903a"

bn.js@^4.4.0:
  version "4.11.8"
  resolved "https://registry.yarnpkg.com/bn.js/-/bn.js-4.11.8.tgz#2cde09eb5ee341f484746bb0309b3253b1b1442f"

bncode@^0.2.3:
  version "0.2.3"
  resolved "https://registry.yarnpkg.com/bncode/-/bncode-0.2.3.tgz#37f851dc8e47188a83fbc0f6fa4775cacc9a3296"

bncode@^0.5.2:
  version "0.5.3"
  resolved "https://registry.yarnpkg.com/bncode/-/bncode-0.5.3.tgz#e16661697452d436bf9886238cc791b08d66a61a"

brace-expansion@^1.1.7:
  version "1.1.11"
  resolved "https://registry.yarnpkg.com/brace-expansion/-/brace-expansion-1.1.11.tgz#3c7fcbf529d87226f3d2f52b966ff5271eb441dd"
  dependencies:
    balanced-match "^1.0.0"
    concat-map "0.0.1"

buffer-alloc-unsafe@^1.1.0:
  version "1.1.0"
  resolved "https://registry.yarnpkg.com/buffer-alloc-unsafe/-/buffer-alloc-unsafe-1.1.0.tgz#bd7dc26ae2972d0eda253be061dba992349c19f0"

buffer-alloc@^1.1.0:
  version "1.2.0"
  resolved "https://registry.yarnpkg.com/buffer-alloc/-/buffer-alloc-1.2.0.tgz#890dd90d923a873e08e10e5fd51a57e5b7cce0ec"
  dependencies:
    buffer-alloc-unsafe "^1.1.0"
    buffer-fill "^1.0.0"

buffer-equal@0.0.1:
  version "0.0.1"
  resolved "https://registry.yarnpkg.com/buffer-equal/-/buffer-equal-0.0.1.tgz#91bc74b11ea405bc916bc6aa908faafa5b4aac4b"

buffer-equals@^1.0.3, buffer-equals@^1.0.4:
  version "1.0.4"
  resolved "https://registry.yarnpkg.com/buffer-equals/-/buffer-equals-1.0.4.tgz#0353b54fd07fd9564170671ae6f66b9cf10d27f5"

buffer-fill@^1.0.0:
  version "1.0.0"
  resolved "https://registry.yarnpkg.com/buffer-fill/-/buffer-fill-1.0.0.tgz#f8f78b76789888ef39f205cd637f68e702122b2c"

buffer-from@^1.0.0:
  version "1.1.1"
  resolved "https://registry.yarnpkg.com/buffer-from/-/buffer-from-1.1.1.tgz#32713bc028f75c02fdb710d7c7bcec1f2c6070ef"

clivas@^0.2.0:
  version "0.2.0"
  resolved "https://registry.yarnpkg.com/clivas/-/clivas-0.2.0.tgz#b8d19188b3243e390f302410bd0cb1622db82649"

colors@^1.1.2:
  version "1.3.3"
  resolved "https://registry.yarnpkg.com/colors/-/colors-1.3.3.tgz#39e005d546afe01e01f9c4ca8fa50f686a01205d"

compact2string@^1.2.0:
  version "1.4.0"
  resolved "https://registry.yarnpkg.com/compact2string/-/compact2string-1.4.0.tgz#a99cd96ea000525684b269683ae2222d6eea7b49"
  dependencies:
    ipaddr.js ">= 0.1.5"

concat-map@0.0.1:
  version "0.0.1"
  resolved "https://registry.yarnpkg.com/concat-map/-/concat-map-0.0.1.tgz#d8a96bd77fd68df7793a73036a3ba0d5405d477b"

core-util-is@~1.0.0:
  version "1.0.2"
  resolved "https://registry.yarnpkg.com/core-util-is/-/core-util-is-1.0.2.tgz#b5fd54220aa2bc5ab57aab7140c940754503c1a7"

cyclist@~0.1.0:
  version "0.1.1"
  resolved "https://registry.yarnpkg.com/cyclist/-/cyclist-0.1.1.tgz#1bcfa56b081448cdb5e12bfc1bfad34b47fba8f3"

debug@^2.0.0, debug@^2.1.0, debug@^2.1.3, debug@^2.2.0:
  version "2.6.9"
  resolved "https://registry.yarnpkg.com/debug/-/debug-2.6.9.tgz#5d128515df134ff327e90a4c93f4e077a536341f"
  dependencies:
    ms "2.0.0"

decompress-response@^3.3.0:
  version "3.3.0"
  resolved "https://registry.yarnpkg.com/decompress-response/-/decompress-response-3.3.0.tgz#80a4dd323748384bfa248083622aedec982adff3"
  dependencies:
    mimic-response "^1.0.0"

deep-extend@^0.6.0:
  version "0.6.0"
  resolved "https://registry.yarnpkg.com/deep-extend/-/deep-extend-0.6.0.tgz#c4fa7c95404a17a9c3e8ca7e1537312b736330ac"

end-of-stream@^0.1.4:
  version "0.1.5"
  resolved "https://registry.yarnpkg.com/end-of-stream/-/end-of-stream-0.1.5.tgz#8e177206c3c80837d85632e8b9359dfe8b2f6eaf"
  dependencies:
    once "~1.3.0"

fifo@^0.1.4:
  version "0.1.4"
  resolved "https://registry.yarnpkg.com/fifo/-/fifo-0.1.4.tgz#bf42d87c0ad07b00d0949d12388f6289606ece34"

flatten@0.0.1:
  version "0.0.1"
  resolved "https://registry.yarnpkg.com/flatten/-/flatten-0.0.1.tgz#554440766da0a0d603999f433453f6c2fc6a75c1"

fs-chunk-store@^1.3.0:
  version "1.7.0"
  resolved "https://registry.yarnpkg.com/fs-chunk-store/-/fs-chunk-store-1.7.0.tgz#1c4bcbe93c99af10aa04b65348f2bb27377a4010"
  dependencies:
    mkdirp "^0.5.1"
    random-access-file "^2.0.1"
    randombytes "^2.0.3"
    rimraf "^2.4.2"
    run-parallel "^1.1.2"
    thunky "^1.0.1"

fs.realpath@^1.0.0:
  version "1.0.0"
  resolved "https://registry.yarnpkg.com/fs.realpath/-/fs.realpath-1.0.0.tgz#1504ad2523158caa40db4a2787cb01411994ea4f"

get-browser-rtc@^1.0.0:
  version "1.0.2"
  resolved "https://registry.yarnpkg.com/get-browser-rtc/-/get-browser-rtc-1.0.2.tgz#bbcd40c8451a7ed4ef5c373b8169a409dd1d11d9"

get-stdin@^6.0.0:
  version "6.0.0"
  resolved "https://registry.yarnpkg.com/get-stdin/-/get-stdin-6.0.0.tgz#9e09bf712b360ab9225e812048f71fde9c89657b"

glob@^7.1.3:
  version "7.1.3"
  resolved "https://registry.yarnpkg.com/glob/-/glob-7.1.3.tgz#3960832d3f1574108342dafd3a67b332c0969df1"
  dependencies:
    fs.realpath "^1.0.0"
    inflight "^1.0.4"
    inherits "2"
    minimatch "^3.0.4"
    once "^1.3.0"
    path-is-absolute "^1.0.0"

hat@0.0.3:
  version "0.0.3"
  resolved "https://registry.yarnpkg.com/hat/-/hat-0.0.3.tgz#bb014a9e64b3788aed8005917413d4ff3d502d8a"

immediate-chunk-store@^1.0.5:
  version "1.0.8"
  resolved "https://registry.yarnpkg.com/immediate-chunk-store/-/immediate-chunk-store-1.0.8.tgz#0ecdad0c546332672d7b5b511b26bb18ce56e73f"

inflight@^1.0.4:
  version "1.0.6"
  resolved "https://registry.yarnpkg.com/inflight/-/inflight-1.0.6.tgz#49bd6331d7d02d0c09bc910a1075ba8165b56df9"
  dependencies:
    once "^1.3.0"
    wrappy "1"

inherits@2, inherits@^2.0.1, inherits@^2.0.3, inherits@~2.0.1, inherits@~2.0.3:
  version "2.0.3"
  resolved "https://registry.yarnpkg.com/inherits/-/inherits-2.0.3.tgz#633c2c83e3da42a502f52466022480f4208261de"

ini@~1.3.0:
  version "1.3.5"
  resolved "https://registry.yarnpkg.com/ini/-/ini-1.3.5.tgz#eee25f56db1c9ec6085e0c22778083f596abf927"

ip-set@^1.0.0:
  version "1.0.1"
  resolved "https://registry.yarnpkg.com/ip-set/-/ip-set-1.0.1.tgz#633b66d0bd6c8d0de968d053263c9120d3b6727e"
  dependencies:
    ip "^1.1.3"

ip@^1.0.1, ip@^1.1.3:
  version "1.1.5"
  resolved "https://registry.yarnpkg.com/ip/-/ip-1.1.5.tgz#bdded70114290828c0a039e72ef25f5aaec4354a"

"ipaddr.js@>= 0.1.5", ipaddr.js@^1.0.1:
  version "1.9.0"
  resolved "https://registry.yarnpkg.com/ipaddr.js/-/ipaddr.js-1.9.0.tgz#37df74e430a0e47550fe54a2defe30d8acd95f65"

isarray@0.0.1:
  version "0.0.1"
  resolved "https://registry.yarnpkg.com/isarray/-/isarray-0.0.1.tgz#8a18acfca9a8f4177e09abfc6038939b05d1eedf"

isarray@~1.0.0:
  version "1.0.0"
  resolved "https://registry.yarnpkg.com/isarray/-/isarray-1.0.0.tgz#bb935d48582cba168c06834957a54a3e07124f11"

k-bucket@^0.6.0:
  version "0.6.0"
  resolved "https://registry.yarnpkg.com/k-bucket/-/k-bucket-0.6.0.tgz#afc532545f69d466293e887b00d5fc73377c3abb"
  dependencies:
    buffer-equal "0.0.1"
    inherits "^2.0.1"

k-bucket@^2.0.0:
  version "2.0.1"
  resolved "https://registry.yarnpkg.com/k-bucket/-/k-bucket-2.0.1.tgz#58cccb244f563326ba893bf5c06a35f644846daa"
  dependencies:
    buffer-equal "0.0.1"
    randombytes "^2.0.3"

k-rpc-socket@^1.5.0:
  version "1.8.0"
  resolved "https://registry.yarnpkg.com/k-rpc-socket/-/k-rpc-socket-1.8.0.tgz#9a4dd6a4f3795ed847ffa156579cc389990bd1f2"
  dependencies:
    bencode "^2.0.0"
    buffer-equals "^1.0.4"
    safe-buffer "^5.1.1"

k-rpc@^3.6.0:
  version "3.7.0"
  resolved "https://registry.yarnpkg.com/k-rpc/-/k-rpc-3.7.0.tgz#641f99b2825be34b6e7984f22b7962dc1a906c23"
  dependencies:
    buffer-equals "^1.0.3"
    k-bucket "^2.0.0"
    k-rpc-socket "^1.5.0"

lru@^2.0.0:
  version "2.0.1"
  resolved "https://registry.yarnpkg.com/lru/-/lru-2.0.1.tgz#f979871e162e3f5ca254be46844c53d4c5364544"
  dependencies:
    inherits "^2.0.1"

magnet-uri@^4.0.0:
  version "4.2.3"
  resolved "https://registry.yarnpkg.com/magnet-uri/-/magnet-uri-4.2.3.tgz#79cc6d65a00bb5b7ef5c25ae60ebbb5d9a7681a8"
  dependencies:
    flatten "0.0.1"
    thirty-two "^0.0.2"
    xtend "^4.0.0"

magnet-uri@^5.1.3:
  version "5.2.4"
  resolved "https://registry.yarnpkg.com/magnet-uri/-/magnet-uri-5.2.4.tgz#7afe5b736af04445aff744c93a890a3710077688"
  dependencies:
    thirty-two "^1.0.1"
    uniq "^1.0.1"

mimic-response@^1.0.0:
  version "1.0.1"
  resolved "https://registry.yarnpkg.com/mimic-response/-/mimic-response-1.0.1.tgz#4923538878eef42063cb8a3e3b0798781487ab1b"

minimatch@^3.0.4:
  version "3.0.4"
  resolved "https://registry.yarnpkg.com/minimatch/-/minimatch-3.0.4.tgz#5166e286457f03306064be5497e8dbb0c3d32083"
  dependencies:
    brace-expansion "^1.1.7"

minimist@0.0.8:
  version "0.0.8"
  resolved "https://registry.yarnpkg.com/minimist/-/minimist-0.0.8.tgz#857fcabfc3397d2625b8228262e86aa7a011b05d"

minimist@^1.1.1, minimist@^1.2.0:
  version "1.2.0"
  resolved "https://registry.yarnpkg.com/minimist/-/minimist-1.2.0.tgz#a35008b20f41383eec1fb914f4cd5df79a264284"

minimist@~0.0.1:
  version "0.0.10"
  resolved "https://registry.yarnpkg.com/minimist/-/minimist-0.0.10.tgz#de3f98543dbf96082be48ad1a0c7cda836301dcf"

mkdirp@^0.3.5:
  version "0.3.5"
  resolved "https://registry.yarnpkg.com/mkdirp/-/mkdirp-0.3.5.tgz#de3e5f8961c88c787ee1368df849ac4413eca8d7"

mkdirp@^0.5.1:
  version "0.5.1"
  resolved "https://registry.yarnpkg.com/mkdirp/-/mkdirp-0.5.1.tgz#30057438eac6cf7f8c4767f38648d6697d75c903"
  dependencies:
    minimist "0.0.8"

ms@2.0.0:
  version "2.0.0"
  resolved "https://registry.yarnpkg.com/ms/-/ms-2.0.0.tgz#5608aeadfc00be6c2901df5f9861788de0d597c8"

numeral@^2.0.6:
  version "2.0.6"
  resolved "https://registry.yarnpkg.com/numeral/-/numeral-2.0.6.tgz#4ad080936d443c2561aed9f2197efffe25f4e506"

once@^1.1.1, once@^1.3.0, once@^1.3.1:
  version "1.4.0"
  resolved "https://registry.yarnpkg.com/once/-/once-1.4.0.tgz#583b1aa775961d4b113ac17d9c50baef9dd76bd1"
  dependencies:
    wrappy "1"

once@~1.3.0:
  version "1.3.3"
  resolved "https://registry.yarnpkg.com/once/-/once-1.3.3.tgz#b2e261557ce4c314ec8304f3fa82663e4297ca20"
  dependencies:
    wrappy "1"

optimist@^0.6.1:
  version "0.6.1"
  resolved "https://registry.yarnpkg.com/optimist/-/optimist-0.6.1.tgz#da3ea74686fa21a19a111c326e90eb15a0196686"
  dependencies:
    minimist "~0.0.1"
    wordwrap "~0.0.2"

options@>=0.0.5:
  version "0.0.6"
  resolved "https://registry.yarnpkg.com/options/-/options-0.0.6.tgz#ec22d312806bb53e731773e7cdaefcf1c643128f"

parse-torrent-file@^2.0.0:
  version "2.1.4"
  resolved "https://registry.yarnpkg.com/parse-torrent-file/-/parse-torrent-file-2.1.4.tgz#32d4b6afde631420e5f415919a222b774b575707"
  dependencies:
    bencode "^0.7.0"
    simple-sha1 "^2.0.0"

parse-torrent@^4.0.0:
  version "4.1.0"
  resolved "https://registry.yarnpkg.com/parse-torrent/-/parse-torrent-4.1.0.tgz#a814bd8505e8b58e88eb8ff3e2daff5d19a711b7"
  dependencies:
    magnet-uri "^4.0.0"
    parse-torrent-file "^2.0.0"

parse-torrent@^6.1.2:
  version "6.1.2"
  resolved "https://registry.yarnpkg.com/parse-torrent/-/parse-torrent-6.1.2.tgz#99da5bdd23435a1cb7e8e7a63847c4efb21b1956"
  dependencies:
    bencode "^2.0.0"
    blob-to-buffer "^1.2.6"
    get-stdin "^6.0.0"
    magnet-uri "^5.1.3"
    simple-get "^3.0.1"
    simple-sha1 "^2.0.0"
    uniq "^1.0.1"

path-is-absolute@^1.0.0:
  version "1.0.1"
  resolved "https://registry.yarnpkg.com/path-is-absolute/-/path-is-absolute-1.0.1.tgz#174b9268735534ffbc7ace6bf53a5a9e1b5c5f5f"

peer-wire-protocol@^0.7.0:
  version "0.7.1"
  resolved "https://registry.yarnpkg.com/peer-wire-protocol/-/peer-wire-protocol-0.7.1.tgz#fdb4a75bfe6b3b84710eb5220ef0ebeed3b63396"
  dependencies:
    bitfield "^0.1.0"
    bncode "^0.2.3"
    buffer-alloc "^1.1.0"
    buffer-from "^1.0.0"
    readable-stream "^1.0.2"
    speedometer "^0.1.2"

peer-wire-swarm@^0.12.0:
  version "0.12.2"
  resolved "https://registry.yarnpkg.com/peer-wire-swarm/-/peer-wire-swarm-0.12.2.tgz#d7120e083cbd42b1c41c961865e938e747428950"
  dependencies:
    buffer-from "^1.0.0"
    fifo "^0.1.4"
    once "^1.1.1"
    peer-wire-protocol "^0.7.0"
    speedometer "^0.1.2"
    utp "0.0.7"

process-nextick-args@~2.0.0:
  version "2.0.0"
  resolved "https://registry.yarnpkg.com/process-nextick-args/-/process-nextick-args-2.0.0.tgz#a37d732f4271b4ab1ad070d35508e8290788ffaa"

progress@^2.0.0:
  version "2.0.3"
  resolved "https://registry.yarnpkg.com/progress/-/progress-2.0.3.tgz#7e8cf8d8f5b8f239c1bc68beb4eb78567d572ef8"

random-access-file@^2.0.1:
  version "2.1.0"
  resolved "https://registry.yarnpkg.com/random-access-file/-/random-access-file-2.1.0.tgz#7b3b6623d47e2f89282e77f0c9c9ae6da3cd9039"
  dependencies:
    mkdirp "^0.5.1"
    random-access-storage "^1.1.1"

random-access-storage@^1.1.1:
  version "1.3.0"
  resolved "https://registry.yarnpkg.com/random-access-storage/-/random-access-storage-1.3.0.tgz#d27e4d897b79dc4358afc2bbe553044e5c8cfe35"
  dependencies:
    inherits "^2.0.3"

random-iterate@^1.0.1:
  version "1.0.1"
  resolved "https://registry.yarnpkg.com/random-iterate/-/random-iterate-1.0.1.tgz#f7d97d92dee6665ec5f6da08c7f963cad4b2ac99"

randombytes@^2.0.3:
  version "2.1.0"
  resolved "https://registry.yarnpkg.com/randombytes/-/randombytes-2.1.0.tgz#df6f84372f0270dc65cdf6291349ab7a473d4f2a"
  dependencies:
    safe-buffer "^5.1.0"

rc@^1.2.3:
  version "1.2.8"
  resolved "https://registry.yarnpkg.com/rc/-/rc-1.2.8.tgz#cd924bf5200a075b83c188cd6b9e211b7fc0d3ed"
  dependencies:
    deep-extend "^0.6.0"
    ini "~1.3.0"
    minimist "^1.2.0"
    strip-json-comments "~2.0.1"

re-emitter@^1.0.0:
  version "1.1.3"
  resolved "https://registry.yarnpkg.com/re-emitter/-/re-emitter-1.1.3.tgz#fa9e319ffdeeeb35b27296ef0f3d374dac2f52a7"

readable-stream@^1.0.2:
  version "1.1.14"
  resolved "https://registry.yarnpkg.com/readable-stream/-/readable-stream-1.1.14.tgz#7cf4c54ef648e3813084c636dd2079e166c081d9"
  dependencies:
    core-util-is "~1.0.0"
    inherits "~2.0.1"
    isarray "0.0.1"
    string_decoder "~0.10.x"

readable-stream@^2.0.5:
  version "2.3.6"
  resolved "https://registry.yarnpkg.com/readable-stream/-/readable-stream-2.3.6.tgz#b11c27d88b8ff1fbe070643cf94b0c79ae1b0aaf"
  dependencies:
    core-util-is "~1.0.0"
    inherits "~2.0.3"
    isarray "~1.0.0"
    process-nextick-args "~2.0.0"
    safe-buffer "~5.1.1"
    string_decoder "~1.1.1"
    util-deprecate "~1.0.1"

rimraf@^2.2.5, rimraf@^2.4.2:
  version "2.6.3"
  resolved "https://registry.yarnpkg.com/rimraf/-/rimraf-2.6.3.tgz#b2d104fe0d8fb27cf9e0a1cda8262dd3833c6cab"
  dependencies:
    glob "^7.1.3"

run-parallel@^1.1.2:
  version "1.1.9"
  resolved "https://registry.yarnpkg.com/run-parallel/-/run-parallel-1.1.9.tgz#c9dd3a7cf9f4b2c4b6244e173a6ed866e61dd679"

run-series@^1.0.2:
  version "1.1.8"
  resolved "https://registry.yarnpkg.com/run-series/-/run-series-1.1.8.tgz#2c4558f49221e01cd6371ff4e0a1e203e460fc36"

rusha@^0.8.1:
  version "0.8.13"
  resolved "https://registry.yarnpkg.com/rusha/-/rusha-0.8.13.tgz#9a084e7b860b17bff3015b92c67a6a336191513a"

safe-buffer@^5.1.0, safe-buffer@^5.1.1, safe-buffer@~5.1.0, safe-buffer@~5.1.1:
  version "5.1.2"
  resolved "https://registry.yarnpkg.com/safe-buffer/-/safe-buffer-5.1.2.tgz#991ec69d296e0313747d59bdfd2b745c35f8828d"

safe-buffer@~5.0.1:
  version "5.0.1"
  resolved "https://registry.yarnpkg.com/safe-buffer/-/safe-buffer-5.0.1.tgz#d263ca54696cd8a306b5ca6551e92de57918fbe7"

simple-concat@^1.0.0:
  version "1.0.0"
  resolved "https://registry.yarnpkg.com/simple-concat/-/simple-concat-1.0.0.tgz#7344cbb8b6e26fb27d66b2fc86f9f6d5997521c6"

simple-get@^2.0.0:
  version "2.8.1"
  resolved "https://registry.yarnpkg.com/simple-get/-/simple-get-2.8.1.tgz#0e22e91d4575d87620620bc91308d57a77f44b5d"
  dependencies:
    decompress-response "^3.3.0"
    once "^1.3.1"
    simple-concat "^1.0.0"

simple-get@^3.0.1:
  version "3.0.3"
  resolved "https://registry.yarnpkg.com/simple-get/-/simple-get-3.0.3.tgz#924528ac3f9d7718ce5e9ec1b1a69c0be4d62efa"
  dependencies:
    decompress-response "^3.3.0"
    once "^1.3.1"
    simple-concat "^1.0.0"

simple-peer@^6.0.0:
  version "6.4.4"
  resolved "https://registry.yarnpkg.com/simple-peer/-/simple-peer-6.4.4.tgz#4e421f485ac7b13b08077a4476934d52c5ba3bb3"
  dependencies:
    debug "^2.1.0"
    get-browser-rtc "^1.0.0"
    inherits "^2.0.1"
    randombytes "^2.0.3"
    readable-stream "^2.0.5"

simple-sha1@^2.0.0:
  version "2.1.1"
  resolved "https://registry.yarnpkg.com/simple-sha1/-/simple-sha1-2.1.1.tgz#93f3b7f2e8dfdc056c32793e5d47b58d311b140d"
  dependencies:
    rusha "^0.8.1"

simple-websocket@^4.0.0:
  version "4.3.1"
  resolved "https://registry.yarnpkg.com/simple-websocket/-/simple-websocket-4.3.1.tgz#5d3d5751bb39aeba2f710d8eec78768df821f38d"
  dependencies:
    debug "^2.1.3"
    inherits "^2.0.1"
    randombytes "^2.0.3"
    readable-stream "^2.0.5"
    ws "^2.0.0"
    xtend "^4.0.1"

speedometer@^0.1.2:
  version "0.1.4"
  resolved "https://registry.yarnpkg.com/speedometer/-/speedometer-0.1.4.tgz#9876dbd2a169d3115402d48e6ea6329c8816a50d"

string2compact@^1.1.1:
  version "1.3.0"
  resolved "https://registry.yarnpkg.com/string2compact/-/string2compact-1.3.0.tgz#22d946127b082d1203c51316af60117a337423c3"
  dependencies:
    addr-to-ip-port "^1.0.1"
    ipaddr.js "^1.0.1"

string_decoder@~0.10.x:
  version "0.10.31"
  resolved "https://registry.yarnpkg.com/string_decoder/-/string_decoder-0.10.31.tgz#62e203bc41766c6c28c9fc84301dab1c5310fa94"

string_decoder@~1.1.1:
  version "1.1.1"
  resolved "https://registry.yarnpkg.com/string_decoder/-/string_decoder-1.1.1.tgz#9cf1611ba62685d7030ae9e4ba34149c3af03fc8"
  dependencies:
    safe-buffer "~5.1.0"

strip-json-comments@~2.0.1:
  version "2.0.1"
  resolved "https://registry.yarnpkg.com/strip-json-comments/-/strip-json-comments-2.0.1.tgz#3c531942e908c2697c0ec344858c286c7ca0a60a"

thirty-two@^0.0.2:
  version "0.0.2"
  resolved "https://registry.yarnpkg.com/thirty-two/-/thirty-two-0.0.2.tgz#4253e29d8cb058f0480267c5698c0e4927e54b6a"

thirty-two@^1.0.1:
  version "1.0.2"
  resolved "https://registry.yarnpkg.com/thirty-two/-/thirty-two-1.0.2.tgz#4ca2fffc02a51290d2744b9e3f557693ca6b627a"

thunky@^1.0.1:
  version "1.0.3"
  resolved "https://registry.yarnpkg.com/thunky/-/thunky-1.0.3.tgz#f5df732453407b09191dae73e2a8cc73f381a826"

torrent-discovery@^5.2.0:
  version "5.4.0"
  resolved "https://registry.yarnpkg.com/torrent-discovery/-/torrent-discovery-5.4.0.tgz#2d17d82cf669ada7f9dfe75db4b31f7034b71e29"
  dependencies:
    bittorrent-dht "^6.0.0"
    bittorrent-tracker "^7.0.0"
    debug "^2.0.0"
    inherits "^2.0.1"
    re-emitter "^1.0.0"
    run-parallel "^1.1.2"
    xtend "^4.0.0"

torrent-piece@^1.0.0:
  version "1.1.2"
  resolved "https://registry.yarnpkg.com/torrent-piece/-/torrent-piece-1.1.2.tgz#774cadac08f65e3d55b84610842171365e349dc6"

torrent-stream@^1.0.3:
  version "1.1.0"
  resolved "https://registry.yarnpkg.com/torrent-stream/-/torrent-stream-1.1.0.tgz#041a21e430ca8545e8b1f989d783ebaf8081697f"
  dependencies:
    bitfield "^0.1.0"
    bncode "^0.5.2"
    buffer-from "^1.0.0"
    end-of-stream "^0.1.4"
    fs-chunk-store "^1.3.0"
    hat "0.0.3"
    immediate-chunk-store "^1.0.5"
    ip-set "^1.0.0"
    mkdirp "^0.3.5"
    parse-torrent "^4.0.0"
    peer-wire-swarm "^0.12.0"
    rimraf "^2.2.5"
    torrent-discovery "^5.2.0"
    torrent-piece "^1.0.0"

ultron@1.0.x:
  version "1.0.2"
  resolved "https://registry.yarnpkg.com/ultron/-/ultron-1.0.2.tgz#ace116ab557cd197386a4e88f4685378c8b2e4fa"

ultron@~1.1.0:
  version "1.1.1"
  resolved "https://registry.yarnpkg.com/ultron/-/ultron-1.1.1.tgz#9fe1536a10a664a65266a1e3ccf85fd36302bc9c"

uniq@^1.0.1:
  version "1.0.1"
  resolved "https://registry.yarnpkg.com/uniq/-/uniq-1.0.1.tgz#b31c5ae8254844a3a8281541ce2b04b865a734ff"

util-deprecate@~1.0.1:
  version "1.0.2"
  resolved "https://registry.yarnpkg.com/util-deprecate/-/util-deprecate-1.0.2.tgz#450d4dc9fa70de732762fbd2d4a28981419a0ccf"

utp@0.0.7:
  version "0.0.7"
  resolved "https://registry.yarnpkg.com/utp/-/utp-0.0.7.tgz#ae43eb7745f5fe63dcc2f277cb4164ad27087f30"
  dependencies:
    cyclist "~0.1.0"

wordwrap@~0.0.2:
  version "0.0.3"
  resolved "https://registry.yarnpkg.com/wordwrap/-/wordwrap-0.0.3.tgz#a3d5da6cd5c0bc0008d37234bbaf1bed63059107"

wrappy@1:
  version "1.0.2"
  resolved "https://registry.yarnpkg.com/wrappy/-/wrappy-1.0.2.tgz#b5243d8f3ec1aa35f1364605bc0d1036e30ab69f"

ws@^1.0.0:
  version "1.1.5"
  resolved "https://registry.yarnpkg.com/ws/-/ws-1.1.5.tgz#cbd9e6e75e09fc5d2c90015f21f0c40875e0dd51"
  dependencies:
    options ">=0.0.5"
    ultron "1.0.x"

ws@^2.0.0:
  version "2.3.1"
  resolved "https://registry.yarnpkg.com/ws/-/ws-2.3.1.tgz#6b94b3e447cb6a363f785eaf94af6359e8e81c80"
  dependencies:
    safe-buffer "~5.0.1"
    ultron "~1.1.0"

xtend@^4.0.0, xtend@^4.0.1:
  version "4.0.1"
  resolved "https://registry.yarnpkg.com/xtend/-/xtend-4.0.1.tgz#a5c6d532be656e23db820efb943a1f04998d63af"
